// !$*UTF8*$!
{
	archiveVersion = 1;
	classes = {
	};
	objectVersion = 55;
	objects = {

/* Begin PBXBuildFile section */
		4D623A3D9DC9A76FB73F7069 /* Pods_WorldBeers.framework in Frameworks */ = {isa = PBXBuildFile; fileRef = 6524B56EAD75BA520BCA9F6A /* Pods_WorldBeers.framework */; };
		A99AED8929AFE4520053C090 /* AppDelegate.swift in Sources */ = {isa = PBXBuildFile; fileRef = A99AED8829AFE4520053C090 /* AppDelegate.swift */; };
		A99AED8B29AFE4520053C090 /* SceneDelegate.swift in Sources */ = {isa = PBXBuildFile; fileRef = A99AED8A29AFE4520053C090 /* SceneDelegate.swift */; };
		A99AED8D29AFE4520053C090 /* ViewController.swift in Sources */ = {isa = PBXBuildFile; fileRef = A99AED8C29AFE4520053C090 /* ViewController.swift */; };
		A99AED9029AFE4520053C090 /* Main.storyboard in Resources */ = {isa = PBXBuildFile; fileRef = A99AED8E29AFE4520053C090 /* Main.storyboard */; };
		A99AED9229AFE4550053C090 /* Assets.xcassets in Resources */ = {isa = PBXBuildFile; fileRef = A99AED9129AFE4550053C090 /* Assets.xcassets */; };
		A99AED9529AFE4560053C090 /* LaunchScreen.storyboard in Resources */ = {isa = PBXBuildFile; fileRef = A99AED9329AFE4560053C090 /* LaunchScreen.storyboard */; };
		A99AED9E29AFEAC30053C090 /* Localizable.strings in Resources */ = {isa = PBXBuildFile; fileRef = A99AEDA029AFEAC30053C090 /* Localizable.strings */; };
/* End PBXBuildFile section */

/* Begin PBXFileReference section */
		6524B56EAD75BA520BCA9F6A /* Pods_WorldBeers.framework */ = {isa = PBXFileReference; explicitFileType = wrapper.framework; includeInIndex = 0; path = Pods_WorldBeers.framework; sourceTree = BUILT_PRODUCTS_DIR; };
		A99AED8529AFE4520053C090 /* WorldBeers.app */ = {isa = PBXFileReference; explicitFileType = wrapper.application; includeInIndex = 0; path = WorldBeers.app; sourceTree = BUILT_PRODUCTS_DIR; };
		A99AED8829AFE4520053C090 /* AppDelegate.swift */ = {isa = PBXFileReference; lastKnownFileType = sourcecode.swift; path = AppDelegate.swift; sourceTree = "<group>"; };
		A99AED8A29AFE4520053C090 /* SceneDelegate.swift */ = {isa = PBXFileReference; lastKnownFileType = sourcecode.swift; path = SceneDelegate.swift; sourceTree = "<group>"; };
		A99AED8C29AFE4520053C090 /* ViewController.swift */ = {isa = PBXFileReference; lastKnownFileType = sourcecode.swift; path = ViewController.swift; sourceTree = "<group>"; };
		A99AED8F29AFE4520053C090 /* Base */ = {isa = PBXFileReference; lastKnownFileType = file.storyboard; name = Base; path = Base.lproj/Main.storyboard; sourceTree = "<group>"; };
		A99AED9129AFE4550053C090 /* Assets.xcassets */ = {isa = PBXFileReference; lastKnownFileType = folder.assetcatalog; path = Assets.xcassets; sourceTree = "<group>"; };
		A99AED9429AFE4560053C090 /* Base */ = {isa = PBXFileReference; lastKnownFileType = file.storyboard; name = Base; path = Base.lproj/LaunchScreen.storyboard; sourceTree = "<group>"; };
		A99AED9629AFE4560053C090 /* Info.plist */ = {isa = PBXFileReference; lastKnownFileType = text.plist.xml; path = Info.plist; sourceTree = "<group>"; };
		A99AED9F29AFEAC30053C090 /* en */ = {isa = PBXFileReference; lastKnownFileType = text.plist.strings; name = en; path = en.lproj/Localizable.strings; sourceTree = "<group>"; };
		AF91F6E956B750C32EA7AF89 /* Pods-WorldBeers.debug.xcconfig */ = {isa = PBXFileReference; includeInIndex = 1; lastKnownFileType = text.xcconfig; name = "Pods-WorldBeers.debug.xcconfig"; path = "Target Support Files/Pods-WorldBeers/Pods-WorldBeers.debug.xcconfig"; sourceTree = "<group>"; };
		B94DFF730D5EC23F0428A86A /* Pods-WorldBeers.release.xcconfig */ = {isa = PBXFileReference; includeInIndex = 1; lastKnownFileType = text.xcconfig; name = "Pods-WorldBeers.release.xcconfig"; path = "Target Support Files/Pods-WorldBeers/Pods-WorldBeers.release.xcconfig"; sourceTree = "<group>"; };
/* End PBXFileReference section */

/* Begin PBXFrameworksBuildPhase section */
		A99AED8229AFE4520053C090 /* Frameworks */ = {
			isa = PBXFrameworksBuildPhase;
			buildActionMask = 2147483647;
			files = (
				4D623A3D9DC9A76FB73F7069 /* Pods_WorldBeers.framework in Frameworks */,
			);
			runOnlyForDeploymentPostprocessing = 0;
		};
/* End PBXFrameworksBuildPhase section */

/* Begin PBXGroup section */
		6F36E4355A8053A891958FF2 /* Pods */ = {
			isa = PBXGroup;
			children = (
				AF91F6E956B750C32EA7AF89 /* Pods-WorldBeers.debug.xcconfig */,
				B94DFF730D5EC23F0428A86A /* Pods-WorldBeers.release.xcconfig */,
			);
			path = Pods;
			sourceTree = "<group>";
		};
		A999A4B7B256F2CD06DC7EC9 /* Frameworks */ = {
			isa = PBXGroup;
			children = (
				6524B56EAD75BA520BCA9F6A /* Pods_WorldBeers.framework */,
			);
			name = Frameworks;
			sourceTree = "<group>";
		};
		A99AED7C29AFE4510053C090 = {
			isa = PBXGroup;
			children = (
				A99AED8729AFE4520053C090 /* WorldBeers */,
				A99AED8629AFE4520053C090 /* Products */,
				6F36E4355A8053A891958FF2 /* Pods */,
				A999A4B7B256F2CD06DC7EC9 /* Frameworks */,
			);
			sourceTree = "<group>";
		};
		A99AED8629AFE4520053C090 /* Products */ = {
			isa = PBXGroup;
			children = (
				A99AED8529AFE4520053C090 /* WorldBeers.app */,
			);
			name = Products;
			sourceTree = "<group>";
		};
		A99AED8729AFE4520053C090 /* WorldBeers */ = {
			isa = PBXGroup;
			children = (
				A99AED8829AFE4520053C090 /* AppDelegate.swift */,
				A99AED8A29AFE4520053C090 /* SceneDelegate.swift */,
				A99AED8C29AFE4520053C090 /* ViewController.swift */,
				A99AED8E29AFE4520053C090 /* Main.storyboard */,
				A99AED9129AFE4550053C090 /* Assets.xcassets */,
				A99AED9329AFE4560053C090 /* LaunchScreen.storyboard */,
				A99AED9629AFE4560053C090 /* Info.plist */,
				A99AEDA029AFEAC30053C090 /* Localizable.strings */,
			);
			path = WorldBeers;
			sourceTree = "<group>";
		};
/* End PBXGroup section */

/* Begin PBXNativeTarget section */
		A99AED8429AFE4520053C090 /* WorldBeers */ = {
			isa = PBXNativeTarget;
			buildConfigurationList = A99AED9929AFE4560053C090 /* Build configuration list for PBXNativeTarget "WorldBeers" */;
			buildPhases = (
				B90FD6F855040CCCB29413BA /* [CP] Check Pods Manifest.lock */,
				A99AED8129AFE4520053C090 /* Sources */,
				A99AED8229AFE4520053C090 /* Frameworks */,
				A99AED8329AFE4520053C090 /* Resources */,
			);
			buildRules = (
			);
			dependencies = (
			);
			name = WorldBeers;
			productName = WorldBeers;
			productReference = A99AED8529AFE4520053C090 /* WorldBeers.app */;
			productType = "com.apple.product-type.application";
		};
/* End PBXNativeTarget section */

/* Begin PBXProject section */
		A99AED7D29AFE4510053C090 /* Project object */ = {
			isa = PBXProject;
			attributes = {
				BuildIndependentTargetsInParallel = 1;
				LastSwiftUpdateCheck = 1420;
				LastUpgradeCheck = 1420;
				TargetAttributes = {
					A99AED8429AFE4520053C090 = {
						CreatedOnToolsVersion = 14.2;
					};
				};
			};
			buildConfigurationList = A99AED8029AFE4510053C090 /* Build configuration list for PBXProject "WorldBeers" */;
			compatibilityVersion = "Xcode 13.0";
			developmentRegion = en;
			hasScannedForEncodings = 0;
			knownRegions = (
				en,
				Base,
			);
			mainGroup = A99AED7C29AFE4510053C090;
			productRefGroup = A99AED8629AFE4520053C090 /* Products */;
			projectDirPath = "";
			projectRoot = "";
			targets = (
				A99AED8429AFE4520053C090 /* WorldBeers */,
			);
		};
/* End PBXProject section */

/* Begin PBXResourcesBuildPhase section */
		A99AED8329AFE4520053C090 /* Resources */ = {
			isa = PBXResourcesBuildPhase;
			buildActionMask = 2147483647;
			files = (
				A99AED9529AFE4560053C090 /* LaunchScreen.storyboard in Resources */,
				A99AED9E29AFEAC30053C090 /* Localizable.strings in Resources */,
				A99AED9229AFE4550053C090 /* Assets.xcassets in Resources */,
				A99AED9029AFE4520053C090 /* Main.storyboard in Resources */,
			);
			runOnlyForDeploymentPostprocessing = 0;
		};
/* End PBXResourcesBuildPhase section */

/* Begin PBXShellScriptBuildPhase section */
		B90FD6F855040CCCB29413BA /* [CP] Check Pods Manifest.lock */ = {
			isa = PBXShellScriptBuildPhase;
			buildActionMask = 2147483647;
			files = (
			);
			inputFileListPaths = (
			);
			inputPaths = (
				"${PODS_PODFILE_DIR_PATH}/Podfile.lock",
				"${PODS_ROOT}/Manifest.lock",
			);
			name = "[CP] Check Pods Manifest.lock";
			outputFileListPaths = (
			);
			outputPaths = (
				"$(DERIVED_FILE_DIR)/Pods-WorldBeers-checkManifestLockResult.txt",
			);
			runOnlyForDeploymentPostprocessing = 0;
			shellPath = /bin/sh;
			shellScript = "diff \"${PODS_PODFILE_DIR_PATH}/Podfile.lock\" \"${PODS_ROOT}/Manifest.lock\" > /dev/null\nif [ $? != 0 ] ; then\n    # print error to STDERR\n    echo \"error: The sandbox is not in sync with the Podfile.lock. Run 'pod install' or update your CocoaPods installation.\" >&2\n    exit 1\nfi\n# This output is used by Xcode 'outputs' to avoid re-running this script phase.\necho \"SUCCESS\" > \"${SCRIPT_OUTPUT_FILE_0}\"\n";
			showEnvVarsInLog = 0;
		};
/* End PBXShellScriptBuildPhase section */

/* Begin PBXSourcesBuildPhase section */
		A99AED8129AFE4520053C090 /* Sources */ = {
			isa = PBXSourcesBuildPhase;
			buildActionMask = 2147483647;
			files = (
				A99AED8D29AFE4520053C090 /* ViewController.swift in Sources */,
				A99AED8929AFE4520053C090 /* AppDelegate.swift in Sources */,
				A99AED8B29AFE4520053C090 /* SceneDelegate.swift in Sources */,
			);
			runOnlyForDeploymentPostprocessing = 0;
		};
/* End PBXSourcesBuildPhase section */

/* Begin PBXVariantGroup section */
		A99AED8E29AFE4520053C090 /* Main.storyboard */ = {
			isa = PBXVariantGroup;
			children = (
				A99AED8F29AFE4520053C090 /* Base */,
			);
			name = Main.storyboard;
			sourceTree = "<group>";
		};
		A99AED9329AFE4560053C090 /* LaunchScreen.storyboard */ = {
			isa = PBXVariantGroup;
			children = (
				A99AED9429AFE4560053C090 /* Base */,
			);
			name = LaunchScreen.storyboard;
			sourceTree = "<group>";
		};
		A99AEDA029AFEAC30053C090 /* Localizable.strings */ = {
			isa = PBXVariantGroup;
			children = (
				A99AED9F29AFEAC30053C090 /* en */,
			);
			name = Localizable.strings;
			sourceTree = "<group>";
		};
/* End PBXVariantGroup section */

/* Begin XCBuildConfiguration section */
		A99AED9729AFE4560053C090 /* Debug */ = {
			isa = XCBuildConfiguration;
			buildSettings = {
				ALWAYS_SEARCH_USER_PATHS = NO;
				CLANG_ANALYZER_NONNULL = YES;
				CLANG_ANALYZER_NUMBER_OBJECT_CONVERSION = YES_AGGRESSIVE;
				CLANG_CXX_LANGUAGE_STANDARD = "gnu++20";
				CLANG_ENABLE_MODULES = YES;
				CLANG_ENABLE_OBJC_ARC = YES;
				CLANG_ENABLE_OBJC_WEAK = YES;
				CLANG_WARN_BLOCK_CAPTURE_AUTORELEASING = YES;
				CLANG_WARN_BOOL_CONVERSION = YES;
				CLANG_WARN_COMMA = YES;
				CLANG_WARN_CONSTANT_CONVERSION = YES;
				CLANG_WARN_DEPRECATED_OBJC_IMPLEMENTATIONS = YES;
				CLANG_WARN_DIRECT_OBJC_ISA_USAGE = YES_ERROR;
				CLANG_WARN_DOCUMENTATION_COMMENTS = YES;
				CLANG_WARN_EMPTY_BODY = YES;
				CLANG_WARN_ENUM_CONVERSION = YES;
				CLANG_WARN_INFINITE_RECURSION = YES;
				CLANG_WARN_INT_CONVERSION = YES;
				CLANG_WARN_NON_LITERAL_NULL_CONVERSION = YES;
				CLANG_WARN_OBJC_IMPLICIT_RETAIN_SELF = YES;
				CLANG_WARN_OBJC_LITERAL_CONVERSION = YES;
				CLANG_WARN_OBJC_ROOT_CLASS = YES_ERROR;
				CLANG_WARN_QUOTED_INCLUDE_IN_FRAMEWORK_HEADER = YES;
				CLANG_WARN_RANGE_LOOP_ANALYSIS = YES;
				CLANG_WARN_STRICT_PROTOTYPES = YES;
				CLANG_WARN_SUSPICIOUS_MOVE = YES;
				CLANG_WARN_UNGUARDED_AVAILABILITY = YES_AGGRESSIVE;
				CLANG_WARN_UNREACHABLE_CODE = YES;
				CLANG_WARN__DUPLICATE_METHOD_MATCH = YES;
				COPY_PHASE_STRIP = NO;
				DEBUG_INFORMATION_FORMAT = dwarf;
				ENABLE_STRICT_OBJC_MSGSEND = YES;
				ENABLE_TESTABILITY = YES;
				GCC_C_LANGUAGE_STANDARD = gnu11;
				GCC_DYNAMIC_NO_PIC = NO;
				GCC_NO_COMMON_BLOCKS = YES;
				GCC_OPTIMIZATION_LEVEL = 0;
				GCC_PREPROCESSOR_DEFINITIONS = (
					"DEBUG=1",
					"$(inherited)",
				);
				GCC_WARN_64_TO_32_BIT_CONVERSION = YES;
				GCC_WARN_ABOUT_RETURN_TYPE = YES_ERROR;
				GCC_WARN_UNDECLARED_SELECTOR = YES;
				GCC_WARN_UNINITIALIZED_AUTOS = YES_AGGRESSIVE;
				GCC_WARN_UNUSED_FUNCTION = YES;
				GCC_WARN_UNUSED_VARIABLE = YES;
				IPHONEOS_DEPLOYMENT_TARGET = 16.2;
				MTL_ENABLE_DEBUG_INFO = INCLUDE_SOURCE;
				MTL_FAST_MATH = YES;
				ONLY_ACTIVE_ARCH = YES;
				SDKROOT = iphoneos;
				SWIFT_ACTIVE_COMPILATION_CONDITIONS = DEBUG;
				SWIFT_OPTIMIZATION_LEVEL = "-Onone";
			};
			name = Debug;
		};
		A99AED9829AFE4560053C090 /* Release */ = {
			isa = XCBuildConfiguration;
			buildSettings = {
				ALWAYS_SEARCH_USER_PATHS = NO;
				CLANG_ANALYZER_NONNULL = YES;
				CLANG_ANALYZER_NUMBER_OBJECT_CONVERSION = YES_AGGRESSIVE;
				CLANG_CXX_LANGUAGE_STANDARD = "gnu++20";
				CLANG_ENABLE_MODULES = YES;
				CLANG_ENABLE_OBJC_ARC = YES;
				CLANG_ENABLE_OBJC_WEAK = YES;
				CLANG_WARN_BLOCK_CAPTURE_AUTORELEASING = YES;
				CLANG_WARN_BOOL_CONVERSION = YES;
				CLANG_WARN_COMMA = YES;
				CLANG_WARN_CONSTANT_CONVERSION = YES;
				CLANG_WARN_DEPRECATED_OBJC_IMPLEMENTATIONS = YES;
				CLANG_WARN_DIRECT_OBJC_ISA_USAGE = YES_ERROR;
				CLANG_WARN_DOCUMENTATION_COMMENTS = YES;
				CLANG_WARN_EMPTY_BODY = YES;
				CLANG_WARN_ENUM_CONVERSION = YES;
				CLANG_WARN_INFINITE_RECURSION = YES;
				CLANG_WARN_INT_CONVERSION = YES;
				CLANG_WARN_NON_LITERAL_NULL_CONVERSION = YES;
				CLANG_WARN_OBJC_IMPLICIT_RETAIN_SELF = YES;
				CLANG_WARN_OBJC_LITERAL_CONVERSION = YES;
				CLANG_WARN_OBJC_ROOT_CLASS = YES_ERROR;
				CLANG_WARN_QUOTED_INCLUDE_IN_FRAMEWORK_HEADER = YES;
				CLANG_WARN_RANGE_LOOP_ANALYSIS = YES;
				CLANG_WARN_STRICT_PROTOTYPES = YES;
				CLANG_WARN_SUSPICIOUS_MOVE = YES;
				CLANG_WARN_UNGUARDED_AVAILABILITY = YES_AGGRESSIVE;
				CLANG_WARN_UNREACHABLE_CODE = YES;
				CLANG_WARN__DUPLICATE_METHOD_MATCH = YES;
				COPY_PHASE_STRIP = NO;
				DEBUG_INFORMATION_FORMAT = "dwarf-with-dsym";
				ENABLE_NS_ASSERTIONS = NO;
				ENABLE_STRICT_OBJC_MSGSEND = YES;
				GCC_C_LANGUAGE_STANDARD = gnu11;
				GCC_NO_COMMON_BLOCKS = YES;
				GCC_WARN_64_TO_32_BIT_CONVERSION = YES;
				GCC_WARN_ABOUT_RETURN_TYPE = YES_ERROR;
				GCC_WARN_UNDECLARED_SELECTOR = YES;
				GCC_WARN_UNINITIALIZED_AUTOS = YES_AGGRESSIVE;
				GCC_WARN_UNUSED_FUNCTION = YES;
				GCC_WARN_UNUSED_VARIABLE = YES;
				IPHONEOS_DEPLOYMENT_TARGET = 16.2;
				MTL_ENABLE_DEBUG_INFO = NO;
				MTL_FAST_MATH = YES;
				SDKROOT = iphoneos;
				SWIFT_COMPILATION_MODE = wholemodule;
				SWIFT_OPTIMIZATION_LEVEL = "-O";
				VALIDATE_PRODUCT = YES;
			};
			name = Release;
		};
		A99AED9A29AFE4560053C090 /* Debug */ = {
			isa = XCBuildConfiguration;
			baseConfigurationReference = AF91F6E956B750C32EA7AF89 /* Pods-WorldBeers.debug.xcconfig */;
			buildSettings = {
				ASSETCATALOG_COMPILER_APPICON_NAME = AppIcon;
				ASSETCATALOG_COMPILER_GLOBAL_ACCENT_COLOR_NAME = AccentColor;
				CODE_SIGN_STYLE = Automatic;
				CURRENT_PROJECT_VERSION = 1;
				GENERATE_INFOPLIST_FILE = YES;
				INFOPLIST_FILE = WorldBeers/Info.plist;
				INFOPLIST_KEY_UIApplicationSupportsIndirectInputEvents = YES;
				INFOPLIST_KEY_UILaunchStoryboardName = LaunchScreen;
				INFOPLIST_KEY_UIMainStoryboardFile = Main;
				INFOPLIST_KEY_UISupportedInterfaceOrientations_iPad = "UIInterfaceOrientationPortrait UIInterfaceOrientationPortraitUpsideDown UIInterfaceOrientationLandscapeLeft UIInterfaceOrientationLandscapeRight";
				INFOPLIST_KEY_UISupportedInterfaceOrientations_iPhone = "UIInterfaceOrientationPortrait UIInterfaceOrientationLandscapeLeft UIInterfaceOrientationLandscapeRight";
				LD_RUNPATH_SEARCH_PATHS = (
					"$(inherited)",
					"@executable_path/Frameworks",
				);
				MARKETING_VERSION = 1.0;
				PRODUCT_BUNDLE_IDENTIFIER = com.worldbeers.WorldBeers;
				PRODUCT_NAME = "$(TARGET_NAME)";
				SWIFT_EMIT_LOC_STRINGS = YES;
				SWIFT_VERSION = 5.0;
				TARGETED_DEVICE_FAMILY = "1,2";
			};
			name = Debug;
		};
		A99AED9B29AFE4560053C090 /* Release */ = {
			isa = XCBuildConfiguration;
			baseConfigurationReference = B94DFF730D5EC23F0428A86A /* Pods-WorldBeers.release.xcconfig */;
			buildSettings = {
				ASSETCATALOG_COMPILER_APPICON_NAME = AppIcon;
				ASSETCATALOG_COMPILER_GLOBAL_ACCENT_COLOR_NAME = AccentColor;
				CODE_SIGN_STYLE = Automatic;
				CURRENT_PROJECT_VERSION = 1;
				GENERATE_INFOPLIST_FILE = YES;
				INFOPLIST_FILE = WorldBeers/Info.plist;
				INFOPLIST_KEY_UIApplicationSupportsIndirectInputEvents = YES;
				INFOPLIST_KEY_UILaunchStoryboardName = LaunchScreen;
				INFOPLIST_KEY_UIMainStoryboardFile = Main;
				INFOPLIST_KEY_UISupportedInterfaceOrientations_iPad = "UIInterfaceOrientationPortrait UIInterfaceOrientationPortraitUpsideDown UIInterfaceOrientationLandscapeLeft UIInterfaceOrientationLandscapeRight";
				INFOPLIST_KEY_UISupportedInterfaceOrientations_iPhone = "UIInterfaceOrientationPortrait UIInterfaceOrientationLandscapeLeft UIInterfaceOrientationLandscapeRight";
				LD_RUNPATH_SEARCH_PATHS = (
					"$(inherited)",
					"@executable_path/Frameworks",
				);
				MARKETING_VERSION = 1.0;
				PRODUCT_BUNDLE_IDENTIFIER = com.worldbeers.WorldBeers;
				PRODUCT_NAME = "$(TARGET_NAME)";
				SWIFT_EMIT_LOC_STRINGS = YES;
				SWIFT_VERSION = 5.0;
				TARGETED_DEVICE_FAMILY = "1,2";
			};
			name = Release;
		};
/* End XCBuildConfiguration section */

/* Begin XCConfigurationList section */
		A99AED8029AFE4510053C090 /* Build configuration list for PBXProject "WorldBeers" */ = {
			isa = XCConfigurationList;
			buildConfigurations = (
				A99AED9729AFE4560053C090 /* Debug */,
				A99AED9829AFE4560053C090 /* Release */,
			);
			defaultConfigurationIsVisible = 0;
			defaultConfigurationName = Release;
		};
		A99AED9929AFE4560053C090 /* Build configuration list for PBXNativeTarget "WorldBeers" */ = {
			isa = XCConfigurationList;
			buildConfigurations = (
				A99AED9A29AFE4560053C090 /* Debug */,
				A99AED9B29AFE4560053C090 /* Release */,
			);
			defaultConfigurationIsVisible = 0;
			defaultConfigurationName = Release;
		};
/* End XCConfigurationList section */
	};
	rootObject = A99AED7D29AFE4510053C090 /* Project object */;
}
